{
  "version": 4,
  "terraform_version": "1.8.4",
  "serial": 8,
  "lineage": "2dd0c9b8-5c48-3791-c0d9-8bf7b908884c",
  "outputs": {
    "project_id": {
      "value": "ci-bigtable-2031",
      "type": "string"
    }
  },
  "resources": [
    {
      "module": "module.project.module.project-factory",
      "mode": "managed",
      "type": "random_id",
      "name": "random_project_id_suffix",
      "provider": "provider[\"registry.terraform.io/hashicorp/random\"]",
      "instances": [
        {
          "schema_version": 0,
          "attributes": {
            "b64_std": "IDE=",
            "b64_url": "IDE",
            "byte_length": 2,
            "dec": "8241",
            "hex": "2031",
            "id": "IDE",
            "keepers": null,
            "prefix": null
          },
          "sensitive_attributes": []
        }
      ]
    },
    {
      "module": "module.project.module.project-factory",
      "mode": "managed",
      "type": "random_string",
      "name": "random_project_id_suffix",
      "provider": "provider[\"registry.terraform.io/hashicorp/random\"]",
      "instances": []
    }
  ],
  "check_results": [
    {
      "object_kind": "var",
      "config_addr": "module.project.var.budget_labels",
      "status": "unknown",
      "objects": [
        {
          "object_addr": "module.project.var.budget_labels",
          "status": "unknown"
        }
      ]
    },
    {
      "object_kind": "var",
      "config_addr": "module.project.module.budget.var.labels",
      "status": "unknown",
      "objects": [
        {
          "object_addr": "module.project.module.budget.var.labels",
          "status": "unknown"
        }
      ]
    }
  ]
}
